
Microsoft Visual Studio Solution File, Format Version 12.00
# Visual Studio Version 16
VisualStudioVersion = 16.0.30907.101
MinimumVisualStudioVersion = 10.0.40219.1
Project("{FAE04EC0-301F-11D3-BF4B-00C04F79EFBC}") = "Angrand.PalettApp", "Angrand.PalettApp\Angrand.PalettApp.csproj", "{42788952-5CD7-4D91-A137-DD80994208DD}"
EndProject
Project("{FAE04EC0-301F-11D3-BF4B-00C04F79EFBC}") = "Angrand.UserControls.ColorCardCollection", "Angrand.UserControls.ColorCardCollection\Angrand.UserControls.ColorCardCollection.csproj", "{F4524AC3-4B23-4196-937E-AA7A03A635B4}"
EndProject
Project("{FAE04EC0-301F-11D3-BF4B-00C04F79EFBC}") = "Angrand.UserControls.ColorSpacePanel", "Angrand.UserControls.ColorSpacePanel\Angrand.UserControls.ColorSpacePanel.csproj", "{02302CFE-8DCC-42EE-B203-C1DBAF1F9AB5}"
EndProject
Global
	GlobalSection(SolutionConfigurationPlatforms) = preSolution
		Debug|Any CPU = Debug|Any CPU
		Release|Any CPU = Release|Any CPU
	EndGlobalSection
	GlobalSection(ProjectConfigurationPlatforms) = postSolution
		{42788952-5CD7-4D91-A137-DD80994208DD}.Debug|Any CPU.ActiveCfg = Debug|Any CPU
		{42788952-5CD7-4D91-A137-DD80994208DD}.Debug|Any CPU.Build.0 = Debug|Any CPU
		{42788952-5CD7-4D91-A137-DD80994208DD}.Release|Any CPU.ActiveCfg = Release|Any CPU
		{42788952-5CD7-4D91-A137-DD80994208DD}.Release|Any CPU.Build.0 = Release|Any CPU
		{F4524AC3-4B23-4196-937E-AA7A03A635B4}.Debug|Any CPU.ActiveCfg = Debug|Any CPU
		{F4524AC3-4B23-4196-937E-AA7A03A635B4}.Debug|Any CPU.Build.0 = Debug|Any CPU
		{F4524AC3-4B23-4196-937E-AA7A03A635B4}.Release|Any CPU.ActiveCfg = Release|Any CPU
		{F4524AC3-4B23-4196-937E-AA7A03A635B4}.Release|Any CPU.Build.0 = Release|Any CPU
		{02302CFE-8DCC-42EE-B203-C1DBAF1F9AB5}.Debug|Any CPU.ActiveCfg = Debug|Any CPU
		{02302CFE-8DCC-42EE-B203-C1DBAF1F9AB5}.Debug|Any CPU.Build.0 = Debug|Any CPU
		{02302CFE-8DCC-42EE-B203-C1DBAF1F9AB5}.Release|Any CPU.ActiveCfg = Release|Any CPU
		{02302CFE-8DCC-42EE-B203-C1DBAF1F9AB5}.Release|Any CPU.Build.0 = Release|Any CPU
	EndGlobalSection
	GlobalSection(SolutionProperties) = preSolution
		HideSolutionNode = FALSE
	EndGlobalSection
	GlobalSection(ExtensibilityGlobals) = postSolution
		SolutionGuid = {4C8B547A-F411-4CBD-9985-2195AAA6693B}
	EndGlobalSection
EndGlobal
