
Microsoft Visual Studio Solution File, Format Version 12.00
# Visual Studio Version 16
VisualStudioVersion = 16.0.30907.101
MinimumVisualStudioVersion = 10.0.40219.1
Project("{FAE04EC0-301F-11D3-BF4B-00C04F79EFBC}") = "Angrand.GUI.Test", "Angrand.GUI.Test\Angrand.GUI.Test.csproj", "{42788952-5CD7-4D91-A137-DD80994208DD}"
EndProject
Project("{9A19103F-16F7-4668-BE54-9A1E7A4F7556}") = "Angrand.GUI.CardCollection", "Angrand.GUI.CardCollection\Angrand.GUI.CardCollection.csproj", "{F4524AC3-4B23-4196-937E-AA7A03A635B4}"
EndProject
Project("{9A19103F-16F7-4668-BE54-9A1E7A4F7556}") = "Angrand.GUI.ColorSpacePanel", "Angrand.GUI.ColorSpacePanel\Angrand.GUI.ColorSpacePanel.csproj", "{02302CFE-8DCC-42EE-B203-C1DBAF1F9AB5}"
EndProject
Project("{9A19103F-16F7-4668-BE54-9A1E7A4F7556}") = "Angrand.GUI.PalettControl", "Angrand.GUI.PalettControl\Angrand.GUI.PalettControl.csproj", "{C3F9BBDD-5ECC-41ED-A7DA-C9C47FF7B942}"
EndProject
Project("{FAE04EC0-301F-11D3-BF4B-00C04F79EFBC}") = "Angrand.GUI.PresetQueue", "Angrand.GUI.PresetQueue\Angrand.GUI.PresetQueue.csproj", "{278321C2-B369-490F-8187-1A39CD81F439}"
EndProject
Global
	GlobalSection(SolutionConfigurationPlatforms) = preSolution
		Debug|Any CPU = Debug|Any CPU
		Release|Any CPU = Release|Any CPU
	EndGlobalSection
	GlobalSection(ProjectConfigurationPlatforms) = postSolution
		{42788952-5CD7-4D91-A137-DD80994208DD}.Debug|Any CPU.ActiveCfg = Debug|Any CPU
		{42788952-5CD7-4D91-A137-DD80994208DD}.Debug|Any CPU.Build.0 = Debug|Any CPU
		{42788952-5CD7-4D91-A137-DD80994208DD}.Release|Any CPU.ActiveCfg = Release|Any CPU
		{42788952-5CD7-4D91-A137-DD80994208DD}.Release|Any CPU.Build.0 = Release|Any CPU
		{F4524AC3-4B23-4196-937E-AA7A03A635B4}.Debug|Any CPU.ActiveCfg = Debug|Any CPU
		{F4524AC3-4B23-4196-937E-AA7A03A635B4}.Debug|Any CPU.Build.0 = Debug|Any CPU
		{F4524AC3-4B23-4196-937E-AA7A03A635B4}.Release|Any CPU.ActiveCfg = Release|Any CPU
		{F4524AC3-4B23-4196-937E-AA7A03A635B4}.Release|Any CPU.Build.0 = Release|Any CPU
		{02302CFE-8DCC-42EE-B203-C1DBAF1F9AB5}.Debug|Any CPU.ActiveCfg = Debug|Any CPU
		{02302CFE-8DCC-42EE-B203-C1DBAF1F9AB5}.Debug|Any CPU.Build.0 = Debug|Any CPU
		{02302CFE-8DCC-42EE-B203-C1DBAF1F9AB5}.Release|Any CPU.ActiveCfg = Release|Any CPU
		{02302CFE-8DCC-42EE-B203-C1DBAF1F9AB5}.Release|Any CPU.Build.0 = Release|Any CPU
		{C3F9BBDD-5ECC-41ED-A7DA-C9C47FF7B942}.Debug|Any CPU.ActiveCfg = Debug|Any CPU
		{C3F9BBDD-5ECC-41ED-A7DA-C9C47FF7B942}.Debug|Any CPU.Build.0 = Debug|Any CPU
		{C3F9BBDD-5ECC-41ED-A7DA-C9C47FF7B942}.Release|Any CPU.ActiveCfg = Release|Any CPU
		{C3F9BBDD-5ECC-41ED-A7DA-C9C47FF7B942}.Release|Any CPU.Build.0 = Release|Any CPU
		{278321C2-B369-490F-8187-1A39CD81F439}.Debug|Any CPU.ActiveCfg = Debug|Any CPU
		{278321C2-B369-490F-8187-1A39CD81F439}.Debug|Any CPU.Build.0 = Debug|Any CPU
		{278321C2-B369-490F-8187-1A39CD81F439}.Release|Any CPU.ActiveCfg = Release|Any CPU
		{278321C2-B369-490F-8187-1A39CD81F439}.Release|Any CPU.Build.0 = Release|Any CPU
	EndGlobalSection
	GlobalSection(SolutionProperties) = preSolution
		HideSolutionNode = FALSE
	EndGlobalSection
	GlobalSection(ExtensibilityGlobals) = postSolution
		SolutionGuid = {4C8B547A-F411-4CBD-9985-2195AAA6693B}
	EndGlobalSection
EndGlobal
